
Microsoft Visual Studio Solution File, Format Version 12.00
# Visual Studio Version 17
VisualStudioVersion = 17.11.35312.102
MinimumVisualStudioVersion = 10.0.40219.1
Project("{FAE04EC0-301F-11D3-BF4B-00C04F79EFBC}") = "EstruturasRepeticao", "EstruturasRepeticao\EstruturasRepeticao.csproj", "{66942C30-F2EA-4A1D-AF3F-4551CC6E9206}"
EndProject
Global
	GlobalSection(SolutionConfigurationPlatforms) = preSolution
		Debug|Any CPU = Debug|Any CPU
		Release|Any CPU = Release|Any CPU
	EndGlobalSection
	GlobalSection(ProjectConfigurationPlatforms) = postSolution
		{66942C30-F2EA-4A1D-AF3F-4551CC6E9206}.Debug|Any CPU.ActiveCfg = Debug|Any CPU
		{66942C30-F2EA-4A1D-AF3F-4551CC6E9206}.Debug|Any CPU.Build.0 = Debug|Any CPU
		{66942C30-F2EA-4A1D-AF3F-4551CC6E9206}.Release|Any CPU.ActiveCfg = Release|Any CPU
		{66942C30-F2EA-4A1D-AF3F-4551CC6E9206}.Release|Any CPU.Build.0 = Release|Any CPU
	EndGlobalSection
	GlobalSection(SolutionProperties) = preSolution
		HideSolutionNode = FALSE
	EndGlobalSection
	GlobalSection(ExtensibilityGlobals) = postSolution
		SolutionGuid = {E7E20E6A-1B8A-49EF-9690-50A3C058EB06}
	EndGlobalSection
EndGlobal
