
Microsoft Visual Studio Solution File, Format Version 12.00
# Visual Studio Version 17
VisualStudioVersion = 17.11.35222.181
MinimumVisualStudioVersion = 10.0.40219.1
Project("{FAE04EC0-301F-11D3-BF4B-00C04F79EFBC}") = "Meu_Primeiro_Hello_World", "Meu_Primeiro_Hello_World\Meu_Primeiro_Hello_World.csproj", "{CBB7EAD0-99C1-4BC0-BD23-6A8EAB257E5C}"
EndProject
Global
	GlobalSection(SolutionConfigurationPlatforms) = preSolution
		Debug|Any CPU = Debug|Any CPU
		Release|Any CPU = Release|Any CPU
	EndGlobalSection
	GlobalSection(ProjectConfigurationPlatforms) = postSolution
		{CBB7EAD0-99C1-4BC0-BD23-6A8EAB257E5C}.Debug|Any CPU.ActiveCfg = Debug|Any CPU
		{CBB7EAD0-99C1-4BC0-BD23-6A8EAB257E5C}.Debug|Any CPU.Build.0 = Debug|Any CPU
		{CBB7EAD0-99C1-4BC0-BD23-6A8EAB257E5C}.Release|Any CPU.ActiveCfg = Release|Any CPU
		{CBB7EAD0-99C1-4BC0-BD23-6A8EAB257E5C}.Release|Any CPU.Build.0 = Release|Any CPU
	EndGlobalSection
	GlobalSection(SolutionProperties) = preSolution
		HideSolutionNode = FALSE
	EndGlobalSection
	GlobalSection(ExtensibilityGlobals) = postSolution
		SolutionGuid = {B1ACFAC0-CCA4-4675-883E-1CDA079E2BF7}
	EndGlobalSection
EndGlobal
